# THIS IS AN AUTOGENERATED FILE. DO NOT EDIT THIS FILE DIRECTLY.
# yarn lockfile v1


"@popperjs/core@^2.11.2":
  version "2.11.4"
  resolved "https://registry.yarnpkg.com/@popperjs/core/-/core-2.11.4.tgz#d8c7b8db9226d2d7664553a0741ad7d0397ee503"
  integrity sha512-q/ytXxO5NKvyT37pmisQAItCFqA7FD/vNb8dgaJy3/630Fsc+Mz9/9f2SziBoIZ30TJooXyTwZmhi1zjXmObYg==

"@splidejs/splide@^3.6.12":
  version "3.6.12"
  resolved "https://registry.yarnpkg.com/@splidejs/splide/-/splide-3.6.12.tgz#9b6bede5c99140fd06754990c91e474374566c30"
  integrity sha512-ggOUAuSxjWuxxL0IQEZcux26KByfKWfYM2HYmvDBdxkXc5evVW+xuECO+3iuciyrJpgcbYTr4hn0cHfbNlYIeA==

glightbox@^3.1.0:
  version "3.2.0"
  resolved "https://registry.yarnpkg.com/glightbox/-/glightbox-3.2.0.tgz#d460e6ffc70ba2dcc2842e0b31d51a2e03266ba2"
  integrity sha512-iit1xYixqL4YVL+I2YJLfMeyJwvLi6FE6kY3qNKeZHEJgRIz80QU8Rm7YCyw1wOTgXvmNDnXGVhHOHRCwnDltQ==

intersection-observer@^0.12.0:
  version "0.12.0"
  resolved "https://registry.yarnpkg.com/intersection-observer/-/intersection-observer-0.12.0.tgz#6c84628f67ce8698e5f9ccf857d97718745837aa"
  integrity sha512-2Vkz8z46Dv401zTWudDGwO7KiGHNDkMv417T5ItcNYfmvHR/1qCTVBO9vwH8zZmQ0WkA/1ARwpysR9bsnop4NQ==

js-cookie@^3.0.1:
  version "3.0.1"
  resolved "https://registry.yarnpkg.com/js-cookie/-/js-cookie-3.0.1.tgz#9e39b4c6c2f56563708d7d31f6f5f21873a92414"
  integrity sha512-+0rgsUXZu4ncpPxRL+lNEptWMOWl9etvPHc/koSRp6MPwpRYAhmk0dUG00J4bxVV3r9uUzfo24wW0knS07SKSw==

normalize-scss@^7.0.1:
  version "7.0.1"
  resolved "https://registry.yarnpkg.com/normalize-scss/-/normalize-scss-7.0.1.tgz#74485e82bb5d0526371136422a09fdb868ffc1a4"
  integrity sha512-qj16bWnYs+9/ac29IgGjySg4R5qQTp1lXfm7ApFOZNVBYFY8RZ3f8+XQNDDLHeDtI3Ba7Jj4+LuPgz9v/fne2A==
